
Microsoft Visual Studio Solution File, Format Version 12.00
# Visual Studio Version 17
VisualStudioVersion = 17.14.36414.22
MinimumVisualStudioVersion = 10.0.40219.1
Project("{FAE04EC0-301F-11D3-BF4B-00C04F79EFBC}") = "DierenPark", "DierenPark\DierenPark.csproj", "{38A7D1B9-DC41-41C0-96FB-CF7F42D2815F}"
EndProject
Project("{FAE04EC0-301F-11D3-BF4B-00C04F79EFBC}") = "Webshop", "Webshop\Webshop.csproj", "{3FE03973-B673-44F0-8D13-A2C76603B058}"
EndProject
Global
	GlobalSection(SolutionConfigurationPlatforms) = preSolution
		Debug|Any CPU = Debug|Any CPU
		Release|Any CPU = Release|Any CPU
	EndGlobalSection
	GlobalSection(ProjectConfigurationPlatforms) = postSolution
		{38A7D1B9-DC41-41C0-96FB-CF7F42D2815F}.Debug|Any CPU.ActiveCfg = Debug|Any CPU
		{38A7D1B9-DC41-41C0-96FB-CF7F42D2815F}.Debug|Any CPU.Build.0 = Debug|Any CPU
		{38A7D1B9-DC41-41C0-96FB-CF7F42D2815F}.Release|Any CPU.ActiveCfg = Release|Any CPU
		{38A7D1B9-DC41-41C0-96FB-CF7F42D2815F}.Release|Any CPU.Build.0 = Release|Any CPU
		{3FE03973-B673-44F0-8D13-A2C76603B058}.Debug|Any CPU.ActiveCfg = Debug|Any CPU
		{3FE03973-B673-44F0-8D13-A2C76603B058}.Debug|Any CPU.Build.0 = Debug|Any CPU
		{3FE03973-B673-44F0-8D13-A2C76603B058}.Release|Any CPU.ActiveCfg = Release|Any CPU
		{3FE03973-B673-44F0-8D13-A2C76603B058}.Release|Any CPU.Build.0 = Release|Any CPU
	EndGlobalSection
	GlobalSection(SolutionProperties) = preSolution
		HideSolutionNode = FALSE
	EndGlobalSection
	GlobalSection(ExtensibilityGlobals) = postSolution
		SolutionGuid = {70ED4539-DAD1-4D8D-BA2B-7C06986A15CB}
	EndGlobalSection
EndGlobal
