
Microsoft Visual Studio Solution File, Format Version 12.00
# Visual Studio 15
VisualStudioVersion = 15.0.26430.16
MinimumVisualStudioVersion = 10.0.40219.1
Project("{FAE04EC0-301F-11D3-BF4B-00C04F79EFBC}") = "Presentation", "Presentation\Presentation.csproj", "{F7CA9E84-CF5F-4583-BFC9-2FD81AB377F9}"
EndProject
Project("{FAE04EC0-301F-11D3-BF4B-00C04F79EFBC}") = "Business", "Business\Business.csproj", "{00D63EBD-2F80-4EC2-842B-AE0ECD2FA558}"
EndProject
Global
	GlobalSection(SolutionConfigurationPlatforms) = preSolution
		Debug|Any CPU = Debug|Any CPU
		Release|Any CPU = Release|Any CPU
	EndGlobalSection
	GlobalSection(ProjectConfigurationPlatforms) = postSolution
		{F7CA9E84-CF5F-4583-BFC9-2FD81AB377F9}.Debug|Any CPU.ActiveCfg = Debug|Any CPU
		{F7CA9E84-CF5F-4583-BFC9-2FD81AB377F9}.Debug|Any CPU.Build.0 = Debug|Any CPU
		{F7CA9E84-CF5F-4583-BFC9-2FD81AB377F9}.Release|Any CPU.ActiveCfg = Release|Any CPU
		{F7CA9E84-CF5F-4583-BFC9-2FD81AB377F9}.Release|Any CPU.Build.0 = Release|Any CPU
		{00D63EBD-2F80-4EC2-842B-AE0ECD2FA558}.Debug|Any CPU.ActiveCfg = Debug|Any CPU
		{00D63EBD-2F80-4EC2-842B-AE0ECD2FA558}.Debug|Any CPU.Build.0 = Debug|Any CPU
		{00D63EBD-2F80-4EC2-842B-AE0ECD2FA558}.Release|Any CPU.ActiveCfg = Release|Any CPU
		{00D63EBD-2F80-4EC2-842B-AE0ECD2FA558}.Release|Any CPU.Build.0 = Release|Any CPU
	EndGlobalSection
	GlobalSection(SolutionProperties) = preSolution
		HideSolutionNode = FALSE
	EndGlobalSection
EndGlobal
