
Microsoft Visual Studio Solution File, Format Version 12.00
# Visual Studio Version 17
VisualStudioVersion = 17.14.36511.14 d17.14
MinimumVisualStudioVersion = 10.0.40219.1
Project("{FAE04EC0-301F-11D3-BF4B-00C04F79EFBC}") = "Presentatie", "Presentatie\Presentatie.csproj", "{72423FC8-D893-4907-A822-575E23DBE59F}"
EndProject
Project("{FAE04EC0-301F-11D3-BF4B-00C04F79EFBC}") = "Business", "Business\Business.csproj", "{D50D94F1-D436-420F-9E39-BA5E4BF55C00}"
EndProject
Global
	GlobalSection(SolutionConfigurationPlatforms) = preSolution
		Debug|Any CPU = Debug|Any CPU
		Release|Any CPU = Release|Any CPU
	EndGlobalSection
	GlobalSection(ProjectConfigurationPlatforms) = postSolution
		{72423FC8-D893-4907-A822-575E23DBE59F}.Debug|Any CPU.ActiveCfg = Debug|Any CPU
		{72423FC8-D893-4907-A822-575E23DBE59F}.Debug|Any CPU.Build.0 = Debug|Any CPU
		{72423FC8-D893-4907-A822-575E23DBE59F}.Release|Any CPU.ActiveCfg = Release|Any CPU
		{72423FC8-D893-4907-A822-575E23DBE59F}.Release|Any CPU.Build.0 = Release|Any CPU
		{D50D94F1-D436-420F-9E39-BA5E4BF55C00}.Debug|Any CPU.ActiveCfg = Debug|Any CPU
		{D50D94F1-D436-420F-9E39-BA5E4BF55C00}.Debug|Any CPU.Build.0 = Debug|Any CPU
		{D50D94F1-D436-420F-9E39-BA5E4BF55C00}.Release|Any CPU.ActiveCfg = Release|Any CPU
		{D50D94F1-D436-420F-9E39-BA5E4BF55C00}.Release|Any CPU.Build.0 = Release|Any CPU
	EndGlobalSection
	GlobalSection(SolutionProperties) = preSolution
		HideSolutionNode = FALSE
	EndGlobalSection
	GlobalSection(ExtensibilityGlobals) = postSolution
		SolutionGuid = {CF7F55CF-E213-4FB6-ADFC-AA2029773E6D}
	EndGlobalSection
EndGlobal
