
Microsoft Visual Studio Solution File, Format Version 12.00
# Visual Studio Version 17
VisualStudioVersion = 17.14.36511.14 d17.14
MinimumVisualStudioVersion = 10.0.40219.1
Project("{FAE04EC0-301F-11D3-BF4B-00C04F79EFBC}") = "Presentatie", "Presentatie\Presentatie.csproj", "{CF03DF57-2FEB-4E88-8714-5EC3390BF945}"
EndProject
Project("{FAE04EC0-301F-11D3-BF4B-00C04F79EFBC}") = "Business", "Business\Business.csproj", "{79D4B8AE-DFE3-45DA-A52A-92DEEDAFC6CD}"
EndProject
Project("{FAE04EC0-301F-11D3-BF4B-00C04F79EFBC}") = "Data", "Data\Data.csproj", "{7EF2790C-A740-4A07-A7E9-63D467A15F31}"
EndProject
Global
	GlobalSection(SolutionConfigurationPlatforms) = preSolution
		Debug|Any CPU = Debug|Any CPU
		Release|Any CPU = Release|Any CPU
	EndGlobalSection
	GlobalSection(ProjectConfigurationPlatforms) = postSolution
		{CF03DF57-2FEB-4E88-8714-5EC3390BF945}.Debug|Any CPU.ActiveCfg = Debug|Any CPU
		{CF03DF57-2FEB-4E88-8714-5EC3390BF945}.Debug|Any CPU.Build.0 = Debug|Any CPU
		{CF03DF57-2FEB-4E88-8714-5EC3390BF945}.Release|Any CPU.ActiveCfg = Release|Any CPU
		{CF03DF57-2FEB-4E88-8714-5EC3390BF945}.Release|Any CPU.Build.0 = Release|Any CPU
		{79D4B8AE-DFE3-45DA-A52A-92DEEDAFC6CD}.Debug|Any CPU.ActiveCfg = Debug|Any CPU
		{79D4B8AE-DFE3-45DA-A52A-92DEEDAFC6CD}.Debug|Any CPU.Build.0 = Debug|Any CPU
		{79D4B8AE-DFE3-45DA-A52A-92DEEDAFC6CD}.Release|Any CPU.ActiveCfg = Release|Any CPU
		{79D4B8AE-DFE3-45DA-A52A-92DEEDAFC6CD}.Release|Any CPU.Build.0 = Release|Any CPU
		{7EF2790C-A740-4A07-A7E9-63D467A15F31}.Debug|Any CPU.ActiveCfg = Debug|Any CPU
		{7EF2790C-A740-4A07-A7E9-63D467A15F31}.Debug|Any CPU.Build.0 = Debug|Any CPU
		{7EF2790C-A740-4A07-A7E9-63D467A15F31}.Release|Any CPU.ActiveCfg = Release|Any CPU
		{7EF2790C-A740-4A07-A7E9-63D467A15F31}.Release|Any CPU.Build.0 = Release|Any CPU
	EndGlobalSection
	GlobalSection(SolutionProperties) = preSolution
		HideSolutionNode = FALSE
	EndGlobalSection
	GlobalSection(ExtensibilityGlobals) = postSolution
		SolutionGuid = {481330C3-6597-4B27-9F0C-2BC32CC5B9AB}
	EndGlobalSection
EndGlobal
