
Microsoft Visual Studio Solution File, Format Version 12.00
# Visual Studio Version 17
VisualStudioVersion = 17.14.36511.14 d17.14
MinimumVisualStudioVersion = 10.0.40219.1
Project("{FAE04EC0-301F-11D3-BF4B-00C04F79EFBC}") = "Presentatie", "Presentatie\Presentatie.csproj", "{927E50D8-BFD3-4FBE-AD00-82FFAF4A5881}"
EndProject
Project("{FAE04EC0-301F-11D3-BF4B-00C04F79EFBC}") = "Business", "Business\Business.csproj", "{0D49E5F8-DDB1-42E3-8567-86C2170BA925}"
EndProject
Global
	GlobalSection(SolutionConfigurationPlatforms) = preSolution
		Debug|Any CPU = Debug|Any CPU
		Release|Any CPU = Release|Any CPU
	EndGlobalSection
	GlobalSection(ProjectConfigurationPlatforms) = postSolution
		{927E50D8-BFD3-4FBE-AD00-82FFAF4A5881}.Debug|Any CPU.ActiveCfg = Debug|Any CPU
		{927E50D8-BFD3-4FBE-AD00-82FFAF4A5881}.Debug|Any CPU.Build.0 = Debug|Any CPU
		{927E50D8-BFD3-4FBE-AD00-82FFAF4A5881}.Release|Any CPU.ActiveCfg = Release|Any CPU
		{927E50D8-BFD3-4FBE-AD00-82FFAF4A5881}.Release|Any CPU.Build.0 = Release|Any CPU
		{0D49E5F8-DDB1-42E3-8567-86C2170BA925}.Debug|Any CPU.ActiveCfg = Debug|Any CPU
		{0D49E5F8-DDB1-42E3-8567-86C2170BA925}.Debug|Any CPU.Build.0 = Debug|Any CPU
		{0D49E5F8-DDB1-42E3-8567-86C2170BA925}.Release|Any CPU.ActiveCfg = Release|Any CPU
		{0D49E5F8-DDB1-42E3-8567-86C2170BA925}.Release|Any CPU.Build.0 = Release|Any CPU
	EndGlobalSection
	GlobalSection(SolutionProperties) = preSolution
		HideSolutionNode = FALSE
	EndGlobalSection
	GlobalSection(ExtensibilityGlobals) = postSolution
		SolutionGuid = {14F51A5B-FA11-4612-940C-FA9F2D09C84B}
	EndGlobalSection
EndGlobal
