
Microsoft Visual Studio Solution File, Format Version 12.00
# Visual Studio 15
VisualStudioVersion = 15.0.26430.16
MinimumVisualStudioVersion = 10.0.40219.1
Project("{FAE04EC0-301F-11D3-BF4B-00C04F79EFBC}") = "Reisbureau", "Reisbureau\Reisbureau.csproj", "{E7A3E3D9-5BCA-4EC2-8E68-E516DCB202C4}"
EndProject
Global
	GlobalSection(SolutionConfigurationPlatforms) = preSolution
		Debug|Any CPU = Debug|Any CPU
		Release|Any CPU = Release|Any CPU
	EndGlobalSection
	GlobalSection(ProjectConfigurationPlatforms) = postSolution
		{E7A3E3D9-5BCA-4EC2-8E68-E516DCB202C4}.Debug|Any CPU.ActiveCfg = Debug|Any CPU
		{E7A3E3D9-5BCA-4EC2-8E68-E516DCB202C4}.Debug|Any CPU.Build.0 = Debug|Any CPU
		{E7A3E3D9-5BCA-4EC2-8E68-E516DCB202C4}.Release|Any CPU.ActiveCfg = Release|Any CPU
		{E7A3E3D9-5BCA-4EC2-8E68-E516DCB202C4}.Release|Any CPU.Build.0 = Release|Any CPU
	EndGlobalSection
	GlobalSection(SolutionProperties) = preSolution
		HideSolutionNode = FALSE
	EndGlobalSection
EndGlobal
