
Microsoft Visual Studio Solution File, Format Version 12.00
# Visual Studio 15
VisualStudioVersion = 15.0.26430.16
MinimumVisualStudioVersion = 10.0.40219.1
Project("{FAE04EC0-301F-11D3-BF4B-00C04F79EFBC}") = "Business", "Business\Business.csproj", "{CACBF407-0864-41E3-949F-13F0CE621EB9}"
EndProject
Project("{FAE04EC0-301F-11D3-BF4B-00C04F79EFBC}") = "Presentation", "Presentation\Presentation.csproj", "{1EBD3674-66E2-40F5-8E03-DAA0BD569642}"
EndProject
Global
	GlobalSection(SolutionConfigurationPlatforms) = preSolution
		Debug|Any CPU = Debug|Any CPU
		Release|Any CPU = Release|Any CPU
	EndGlobalSection
	GlobalSection(ProjectConfigurationPlatforms) = postSolution
		{CACBF407-0864-41E3-949F-13F0CE621EB9}.Debug|Any CPU.ActiveCfg = Debug|Any CPU
		{CACBF407-0864-41E3-949F-13F0CE621EB9}.Debug|Any CPU.Build.0 = Debug|Any CPU
		{CACBF407-0864-41E3-949F-13F0CE621EB9}.Release|Any CPU.ActiveCfg = Release|Any CPU
		{CACBF407-0864-41E3-949F-13F0CE621EB9}.Release|Any CPU.Build.0 = Release|Any CPU
		{1EBD3674-66E2-40F5-8E03-DAA0BD569642}.Debug|Any CPU.ActiveCfg = Debug|Any CPU
		{1EBD3674-66E2-40F5-8E03-DAA0BD569642}.Debug|Any CPU.Build.0 = Debug|Any CPU
		{1EBD3674-66E2-40F5-8E03-DAA0BD569642}.Release|Any CPU.ActiveCfg = Release|Any CPU
		{1EBD3674-66E2-40F5-8E03-DAA0BD569642}.Release|Any CPU.Build.0 = Release|Any CPU
	EndGlobalSection
	GlobalSection(SolutionProperties) = preSolution
		HideSolutionNode = FALSE
	EndGlobalSection
EndGlobal
